
Microsoft Visual Studio Solution File, Format Version 12.00
# Visual Studio Version 17
VisualStudioVersion = 17.10.35122.118
MinimumVisualStudioVersion = 10.0.40219.1
Project("{FAE04EC0-301F-11D3-BF4B-00C04F79EFBC}") = "binary", "binary.csproj", "{6652D809-A4A4-4BA8-A1E5-114C8231730E}"
EndProject
Global
	GlobalSection(SolutionConfigurationPlatforms) = preSolution
		Debug|Any CPU = Debug|Any CPU
		Release|Any CPU = Release|Any CPU
	EndGlobalSection
	GlobalSection(ProjectConfigurationPlatforms) = postSolution
		{6652D809-A4A4-4BA8-A1E5-114C8231730E}.Debug|Any CPU.ActiveCfg = Debug|Any CPU
		{6652D809-A4A4-4BA8-A1E5-114C8231730E}.Debug|Any CPU.Build.0 = Debug|Any CPU
		{6652D809-A4A4-4BA8-A1E5-114C8231730E}.Release|Any CPU.ActiveCfg = Release|Any CPU
		{6652D809-A4A4-4BA8-A1E5-114C8231730E}.Release|Any CPU.Build.0 = Release|Any CPU
	EndGlobalSection
	GlobalSection(SolutionProperties) = preSolution
		HideSolutionNode = FALSE
	EndGlobalSection
	GlobalSection(ExtensibilityGlobals) = postSolution
		SolutionGuid = {89BCF292-7DC3-4821-813B-2954C5F94243}
	EndGlobalSection
EndGlobal
